{
  "name": "d365appinsightsjs",
  "version": "1.0.0",
  "lockfileVersion": 1,
  "requires": true,
  "dependencies": {
    "@types/xrm": {
      "version": "9.0.12",
      "resolved": "https://registry.npmjs.org/@types/xrm/-/xrm-9.0.12.tgz",
      "integrity": "sha512-nLrLslxYbeAf0q+1btso7F1Ss68bz3IAhNTS+1XQ/RuX3ZQQ9xZvVoLCbLAgSrZRLH+M2pJZpCwI7vZAsdmjiw==",
      "dev": true
    },
    "typescript": {
      "version": "3.4.1",
      "resolved": "https://registry.npmjs.org/typescript/-/typescript-3.4.1.tgz",
      "integrity": "sha512-3NSMb2VzDQm8oBTLH6Nj55VVtUEpe/rgkIzMir0qVoLyjDZlnMBva0U6vDiV3IH+sl/Yu6oP5QwsAQtHPmDd2Q==",
      "dev": true
    }
  }
}
